// !$*UTF8*$!
{
	archiveVersion = 1;
	classes = {
	};
	objectVersion = 56;
	objects = {

/* Begin PBXBuildFile section */
		60378D4E2A8908790087F336 /* LandMarkRowView.swift in Sources */ = {isa = PBXBuildFile; fileRef = 60378D4D2A8908790087F336 /* LandMarkRowView.swift */; };
		60378D522A892FA20087F336 /* HexagonParameters.swift in Sources */ = {isa = PBXBuildFile; fileRef = 60378D512A892FA20087F336 /* HexagonParameters.swift */; };
		60378D542A89383C0087F336 /* BadgeBackground.swift in Sources */ = {isa = PBXBuildFile; fileRef = 60378D532A89383C0087F336 /* BadgeBackground.swift */; };
		609354D12A7969620046F7B6 /* LandmarkApp.swift in Sources */ = {isa = PBXBuildFile; fileRef = 609354D02A7969620046F7B6 /* LandmarkApp.swift */; };
		609354D32A7969620046F7B6 /* ContentView.swift in Sources */ = {isa = PBXBuildFile; fileRef = 609354D22A7969620046F7B6 /* ContentView.swift */; };
		609354D52A7969620046F7B6 /* Assets.xcassets in Resources */ = {isa = PBXBuildFile; fileRef = 609354D42A7969620046F7B6 /* Assets.xcassets */; };
		609354D82A7969620046F7B6 /* Preview Assets.xcassets in Resources */ = {isa = PBXBuildFile; fileRef = 609354D72A7969620046F7B6 /* Preview Assets.xcassets */; };
		609354DF2A796E0A0046F7B6 /* CircleImage.swift in Sources */ = {isa = PBXBuildFile; fileRef = 609354DE2A796E0A0046F7B6 /* CircleImage.swift */; };
		609354E12A7970230046F7B6 /* MapView.swift in Sources */ = {isa = PBXBuildFile; fileRef = 609354E02A7970230046F7B6 /* MapView.swift */; };
		609354E32A797C530046F7B6 /* Landmark.swift in Sources */ = {isa = PBXBuildFile; fileRef = 609354E22A797C530046F7B6 /* Landmark.swift */; };
		609354E52A797C760046F7B6 /* landmarkData.json in Resources */ = {isa = PBXBuildFile; fileRef = 609354E42A797C760046F7B6 /* landmarkData.json */; };
		609354FD2A797E800046F7B6 /* ModelData.swift in Sources */ = {isa = PBXBuildFile; fileRef = 609354FC2A797E800046F7B6 /* ModelData.swift */; };
		60EA04132A7ADB5700F869BB /* LandmarkList.swift in Sources */ = {isa = PBXBuildFile; fileRef = 60EA04122A7ADB5700F869BB /* LandmarkList.swift */; };
		60EA04152A7E238400F869BB /* LandmarkDetail.swift in Sources */ = {isa = PBXBuildFile; fileRef = 60EA04142A7E238400F869BB /* LandmarkDetail.swift */; };
		60EA04172A8902F200F869BB /* FavoriteButton.swift in Sources */ = {isa = PBXBuildFile; fileRef = 60EA04162A8902F200F869BB /* FavoriteButton.swift */; };
/* End PBXBuildFile section */

/* Begin PBXFileReference section */
		60378D4D2A8908790087F336 /* LandMarkRowView.swift */ = {isa = PBXFileReference; fileEncoding = 4; lastKnownFileType = sourcecode.swift; path = LandMarkRowView.swift; sourceTree = "<group>"; };
		60378D512A892FA20087F336 /* HexagonParameters.swift */ = {isa = PBXFileReference; lastKnownFileType = sourcecode.swift; path = HexagonParameters.swift; sourceTree = "<group>"; };
		60378D532A89383C0087F336 /* BadgeBackground.swift */ = {isa = PBXFileReference; lastKnownFileType = sourcecode.swift; path = BadgeBackground.swift; sourceTree = "<group>"; };
		609354CD2A7969620046F7B6 /* Landmark.app */ = {isa = PBXFileReference; explicitFileType = wrapper.application; includeInIndex = 0; path = Landmark.app; sourceTree = BUILT_PRODUCTS_DIR; };
		609354D02A7969620046F7B6 /* LandmarkApp.swift */ = {isa = PBXFileReference; lastKnownFileType = sourcecode.swift; path = LandmarkApp.swift; sourceTree = "<group>"; };
		609354D22A7969620046F7B6 /* ContentView.swift */ = {isa = PBXFileReference; lastKnownFileType = sourcecode.swift; path = ContentView.swift; sourceTree = "<group>"; };
		609354D42A7969620046F7B6 /* Assets.xcassets */ = {isa = PBXFileReference; lastKnownFileType = folder.assetcatalog; path = Assets.xcassets; sourceTree = "<group>"; };
		609354D72A7969620046F7B6 /* Preview Assets.xcassets */ = {isa = PBXFileReference; lastKnownFileType = folder.assetcatalog; path = "Preview Assets.xcassets"; sourceTree = "<group>"; };
		609354DE2A796E0A0046F7B6 /* CircleImage.swift */ = {isa = PBXFileReference; lastKnownFileType = sourcecode.swift; path = CircleImage.swift; sourceTree = "<group>"; };
		609354E02A7970230046F7B6 /* MapView.swift */ = {isa = PBXFileReference; lastKnownFileType = sourcecode.swift; path = MapView.swift; sourceTree = "<group>"; };
		609354E22A797C530046F7B6 /* Landmark.swift */ = {isa = PBXFileReference; lastKnownFileType = sourcecode.swift; path = Landmark.swift; sourceTree = "<group>"; };
		609354E42A797C760046F7B6 /* landmarkData.json */ = {isa = PBXFileReference; fileEncoding = 4; lastKnownFileType = text.json; path = landmarkData.json; sourceTree = "<group>"; };
		609354FC2A797E800046F7B6 /* ModelData.swift */ = {isa = PBXFileReference; lastKnownFileType = sourcecode.swift; path = ModelData.swift; sourceTree = "<group>"; };
		60EA04122A7ADB5700F869BB /* LandmarkList.swift */ = {isa = PBXFileReference; lastKnownFileType = sourcecode.swift; path = LandmarkList.swift; sourceTree = "<group>"; };
		60EA04142A7E238400F869BB /* LandmarkDetail.swift */ = {isa = PBXFileReference; lastKnownFileType = sourcecode.swift; path = LandmarkDetail.swift; sourceTree = "<group>"; };
		60EA04162A8902F200F869BB /* FavoriteButton.swift */ = {isa = PBXFileReference; lastKnownFileType = sourcecode.swift; path = FavoriteButton.swift; sourceTree = "<group>"; };
/* End PBXFileReference section */

/* Begin PBXFrameworksBuildPhase section */
		609354CA2A7969620046F7B6 /* Frameworks */ = {
			isa = PBXFrameworksBuildPhase;
			buildActionMask = 2147483647;
			files = (
			);
			runOnlyForDeploymentPostprocessing = 0;
		};
/* End PBXFrameworksBuildPhase section */

/* Begin PBXGroup section */
		609354C42A7969620046F7B6 = {
			isa = PBXGroup;
			children = (
				609354CF2A7969620046F7B6 /* Landmark */,
				609354CE2A7969620046F7B6 /* Products */,
			);
			sourceTree = "<group>";
		};
		609354CE2A7969620046F7B6 /* Products */ = {
			isa = PBXGroup;
			children = (
				609354CD2A7969620046F7B6 /* Landmark.app */,
			);
			name = Products;
			sourceTree = "<group>";
		};
		609354CF2A7969620046F7B6 /* Landmark */ = {
			isa = PBXGroup;
			children = (
				609354D02A7969620046F7B6 /* LandmarkApp.swift */,
				60EA040D2A7AD55B00F869BB /* Views */,
				60EA040E2A7AD59600F869BB /* Model */,
				609354D42A7969620046F7B6 /* Assets.xcassets */,
				60EA040F2A7AD5A200F869BB /* Resources */,
				609354D62A7969620046F7B6 /* Preview Content */,
			);
			path = Landmark;
			sourceTree = "<group>";
		};
		609354D62A7969620046F7B6 /* Preview Content */ = {
			isa = PBXGroup;
			children = (
				609354D72A7969620046F7B6 /* Preview Assets.xcassets */,
			);
			path = "Preview Content";
			sourceTree = "<group>";
		};
		60EA040D2A7AD55B00F869BB /* Views */ = {
			isa = PBXGroup;
			children = (
				60EA04192A89048200F869BB /* Landmarks */,
				60EA04182A89046C00F869BB /* Helpers */,
				609354D22A7969620046F7B6 /* ContentView.swift */,
			);
			path = Views;
			sourceTree = "<group>";
		};
		60EA040E2A7AD59600F869BB /* Model */ = {
			isa = PBXGroup;
			children = (
				609354E22A797C530046F7B6 /* Landmark.swift */,
				609354FC2A797E800046F7B6 /* ModelData.swift */,
			);
			path = Model;
			sourceTree = "<group>";
		};
		60EA040F2A7AD5A200F869BB /* Resources */ = {
			isa = PBXGroup;
			children = (
				609354E42A797C760046F7B6 /* landmarkData.json */,
			);
			path = Resources;
			sourceTree = "<group>";
		};
		60EA04182A89046C00F869BB /* Helpers */ = {
			isa = PBXGroup;
			children = (
				60EA04162A8902F200F869BB /* FavoriteButton.swift */,
				609354DE2A796E0A0046F7B6 /* CircleImage.swift */,
				609354E02A7970230046F7B6 /* MapView.swift */,
				60378D512A892FA20087F336 /* HexagonParameters.swift */,
				60378D532A89383C0087F336 /* BadgeBackground.swift */,
			);
			path = Helpers;
			sourceTree = "<group>";
		};
		60EA04192A89048200F869BB /* Landmarks */ = {
			isa = PBXGroup;
			children = (
				60378D4D2A8908790087F336 /* LandMarkRowView.swift */,
				60EA04122A7ADB5700F869BB /* LandmarkList.swift */,
				60EA04142A7E238400F869BB /* LandmarkDetail.swift */,
			);
			path = Landmarks;
			sourceTree = "<group>";
		};
/* End PBXGroup section */

/* Begin PBXNativeTarget section */
		609354CC2A7969620046F7B6 /* Landmark */ = {
			isa = PBXNativeTarget;
			buildConfigurationList = 609354DB2A7969620046F7B6 /* Build configuration list for PBXNativeTarget "Landmark" */;
			buildPhases = (
				609354C92A7969620046F7B6 /* Sources */,
				609354CA2A7969620046F7B6 /* Frameworks */,
				609354CB2A7969620046F7B6 /* Resources */,
			);
			buildRules = (
			);
			dependencies = (
			);
			name = Landmark;
			productName = Landmark;
			productReference = 609354CD2A7969620046F7B6 /* Landmark.app */;
			productType = "com.apple.product-type.application";
		};
/* End PBXNativeTarget section */

/* Begin PBXProject section */
		609354C52A7969620046F7B6 /* Project object */ = {
			isa = PBXProject;
			attributes = {
				BuildIndependentTargetsInParallel = 1;
				LastSwiftUpdateCheck = 1430;
				LastUpgradeCheck = 1430;
				TargetAttributes = {
					609354CC2A7969620046F7B6 = {
						CreatedOnToolsVersion = 14.3.1;
					};
				};
			};
			buildConfigurationList = 609354C82A7969620046F7B6 /* Build configuration list for PBXProject "Landmark" */;
			compatibilityVersion = "Xcode 14.0";
			developmentRegion = en;
			hasScannedForEncodings = 0;
			knownRegions = (
				en,
				Base,
			);
			mainGroup = 609354C42A7969620046F7B6;
			productRefGroup = 609354CE2A7969620046F7B6 /* Products */;
			projectDirPath = "";
			projectRoot = "";
			targets = (
				609354CC2A7969620046F7B6 /* Landmark */,
			);
		};
/* End PBXProject section */

/* Begin PBXResourcesBuildPhase section */
		609354CB2A7969620046F7B6 /* Resources */ = {
			isa = PBXResourcesBuildPhase;
			buildActionMask = 2147483647;
			files = (
				609354D82A7969620046F7B6 /* Preview Assets.xcassets in Resources */,
				609354D52A7969620046F7B6 /* Assets.xcassets in Resources */,
				609354E52A797C760046F7B6 /* landmarkData.json in Resources */,
			);
			runOnlyForDeploymentPostprocessing = 0;
		};
/* End PBXResourcesBuildPhase section */

/* Begin PBXSourcesBuildPhase section */
		609354C92A7969620046F7B6 /* Sources */ = {
			isa = PBXSourcesBuildPhase;
			buildActionMask = 2147483647;
			files = (
				609354D32A7969620046F7B6 /* ContentView.swift in Sources */,
				609354E12A7970230046F7B6 /* MapView.swift in Sources */,
				60EA04172A8902F200F869BB /* FavoriteButton.swift in Sources */,
				60EA04132A7ADB5700F869BB /* LandmarkList.swift in Sources */,
				60378D522A892FA20087F336 /* HexagonParameters.swift in Sources */,
				60EA04152A7E238400F869BB /* LandmarkDetail.swift in Sources */,
				609354D12A7969620046F7B6 /* LandmarkApp.swift in Sources */,
				60378D542A89383C0087F336 /* BadgeBackground.swift in Sources */,
				60378D4E2A8908790087F336 /* LandMarkRowView.swift in Sources */,
				609354DF2A796E0A0046F7B6 /* CircleImage.swift in Sources */,
				609354E32A797C530046F7B6 /* Landmark.swift in Sources */,
				609354FD2A797E800046F7B6 /* ModelData.swift in Sources */,
			);
			runOnlyForDeploymentPostprocessing = 0;
		};
/* End PBXSourcesBuildPhase section */

/* Begin XCBuildConfiguration section */
		609354D92A7969620046F7B6 /* Debug */ = {
			isa = XCBuildConfiguration;
			buildSettings = {
				ALWAYS_SEARCH_USER_PATHS = NO;
				CLANG_ANALYZER_NONNULL = YES;
				CLANG_ANALYZER_NUMBER_OBJECT_CONVERSION = YES_AGGRESSIVE;
				CLANG_CXX_LANGUAGE_STANDARD = "gnu++20";
				CLANG_ENABLE_MODULES = YES;
				CLANG_ENABLE_OBJC_ARC = YES;
				CLANG_ENABLE_OBJC_WEAK = YES;
				CLANG_WARN_BLOCK_CAPTURE_AUTORELEASING = YES;
				CLANG_WARN_BOOL_CONVERSION = YES;
				CLANG_WARN_COMMA = YES;
				CLANG_WARN_CONSTANT_CONVERSION = YES;
				CLANG_WARN_DEPRECATED_OBJC_IMPLEMENTATIONS = YES;
				CLANG_WARN_DIRECT_OBJC_ISA_USAGE = YES_ERROR;
				CLANG_WARN_DOCUMENTATION_COMMENTS = YES;
				CLANG_WARN_EMPTY_BODY = YES;
				CLANG_WARN_ENUM_CONVERSION = YES;
				CLANG_WARN_INFINITE_RECURSION = YES;
				CLANG_WARN_INT_CONVERSION = YES;
				CLANG_WARN_NON_LITERAL_NULL_CONVERSION = YES;
				CLANG_WARN_OBJC_IMPLICIT_RETAIN_SELF = YES;
				CLANG_WARN_OBJC_LITERAL_CONVERSION = YES;
				CLANG_WARN_OBJC_ROOT_CLASS = YES_ERROR;
				CLANG_WARN_QUOTED_INCLUDE_IN_FRAMEWORK_HEADER = YES;
				CLANG_WARN_RANGE_LOOP_ANALYSIS = YES;
				CLANG_WARN_STRICT_PROTOTYPES = YES;
				CLANG_WARN_SUSPICIOUS_MOVE = YES;
				CLANG_WARN_UNGUARDED_AVAILABILITY = YES_AGGRESSIVE;
				CLANG_WARN_UNREACHABLE_CODE = YES;
				CLANG_WARN__DUPLICATE_METHOD_MATCH = YES;
				COPY_PHASE_STRIP = NO;
				DEBUG_INFORMATION_FORMAT = dwarf;
				ENABLE_STRICT_OBJC_MSGSEND = YES;
				ENABLE_TESTABILITY = YES;
				GCC_C_LANGUAGE_STANDARD = gnu11;
				GCC_DYNAMIC_NO_PIC = NO;
				GCC_NO_COMMON_BLOCKS = YES;
				GCC_OPTIMIZATION_LEVEL = 0;
				GCC_PREPROCESSOR_DEFINITIONS = (
					"DEBUG=1",
					"$(inherited)",
				);
				GCC_WARN_64_TO_32_BIT_CONVERSION = YES;
				GCC_WARN_ABOUT_RETURN_TYPE = YES_ERROR;
				GCC_WARN_UNDECLARED_SELECTOR = YES;
				GCC_WARN_UNINITIALIZED_AUTOS = YES_AGGRESSIVE;
				GCC_WARN_UNUSED_FUNCTION = YES;
				GCC_WARN_UNUSED_VARIABLE = YES;
				IPHONEOS_DEPLOYMENT_TARGET = 16.4;
				MTL_ENABLE_DEBUG_INFO = INCLUDE_SOURCE;
				MTL_FAST_MATH = YES;
				ONLY_ACTIVE_ARCH = YES;
				SDKROOT = iphoneos;
				SWIFT_ACTIVE_COMPILATION_CONDITIONS = DEBUG;
				SWIFT_OPTIMIZATION_LEVEL = "-Onone";
			};
			name = Debug;
		};
		609354DA2A7969620046F7B6 /* Release */ = {
			isa = XCBuildConfiguration;
			buildSettings = {
				ALWAYS_SEARCH_USER_PATHS = NO;
				CLANG_ANALYZER_NONNULL = YES;
				CLANG_ANALYZER_NUMBER_OBJECT_CONVERSION = YES_AGGRESSIVE;
				CLANG_CXX_LANGUAGE_STANDARD = "gnu++20";
				CLANG_ENABLE_MODULES = YES;
				CLANG_ENABLE_OBJC_ARC = YES;
				CLANG_ENABLE_OBJC_WEAK = YES;
				CLANG_WARN_BLOCK_CAPTURE_AUTORELEASING = YES;
				CLANG_WARN_BOOL_CONVERSION = YES;
				CLANG_WARN_COMMA = YES;
				CLANG_WARN_CONSTANT_CONVERSION = YES;
				CLANG_WARN_DEPRECATED_OBJC_IMPLEMENTATIONS = YES;
				CLANG_WARN_DIRECT_OBJC_ISA_USAGE = YES_ERROR;
				CLANG_WARN_DOCUMENTATION_COMMENTS = YES;
				CLANG_WARN_EMPTY_BODY = YES;
				CLANG_WARN_ENUM_CONVERSION = YES;
				CLANG_WARN_INFINITE_RECURSION = YES;
				CLANG_WARN_INT_CONVERSION = YES;
				CLANG_WARN_NON_LITERAL_NULL_CONVERSION = YES;
				CLANG_WARN_OBJC_IMPLICIT_RETAIN_SELF = YES;
				CLANG_WARN_OBJC_LITERAL_CONVERSION = YES;
				CLANG_WARN_OBJC_ROOT_CLASS = YES_ERROR;
				CLANG_WARN_QUOTED_INCLUDE_IN_FRAMEWORK_HEADER = YES;
				CLANG_WARN_RANGE_LOOP_ANALYSIS = YES;
				CLANG_WARN_STRICT_PROTOTYPES = YES;
				CLANG_WARN_SUSPICIOUS_MOVE = YES;
				CLANG_WARN_UNGUARDED_AVAILABILITY = YES_AGGRESSIVE;
				CLANG_WARN_UNREACHABLE_CODE = YES;
				CLANG_WARN__DUPLICATE_METHOD_MATCH = YES;
				COPY_PHASE_STRIP = NO;
				DEBUG_INFORMATION_FORMAT = "dwarf-with-dsym";
				ENABLE_NS_ASSERTIONS = NO;
				ENABLE_STRICT_OBJC_MSGSEND = YES;
				GCC_C_LANGUAGE_STANDARD = gnu11;
				GCC_NO_COMMON_BLOCKS = YES;
				GCC_WARN_64_TO_32_BIT_CONVERSION = YES;
				GCC_WARN_ABOUT_RETURN_TYPE = YES_ERROR;
				GCC_WARN_UNDECLARED_SELECTOR = YES;
				GCC_WARN_UNINITIALIZED_AUTOS = YES_AGGRESSIVE;
				GCC_WARN_UNUSED_FUNCTION = YES;
				GCC_WARN_UNUSED_VARIABLE = YES;
				IPHONEOS_DEPLOYMENT_TARGET = 16.4;
				MTL_ENABLE_DEBUG_INFO = NO;
				MTL_FAST_MATH = YES;
				SDKROOT = iphoneos;
				SWIFT_COMPILATION_MODE = wholemodule;
				SWIFT_OPTIMIZATION_LEVEL = "-O";
				VALIDATE_PRODUCT = YES;
			};
			name = Release;
		};
		609354DC2A7969620046F7B6 /* Debug */ = {
			isa = XCBuildConfiguration;
			buildSettings = {
				ASSETCATALOG_COMPILER_APPICON_NAME = AppIcon;
				ASSETCATALOG_COMPILER_GLOBAL_ACCENT_COLOR_NAME = AccentColor;
				CODE_SIGN_STYLE = Automatic;
				CURRENT_PROJECT_VERSION = 1;
				DEVELOPMENT_ASSET_PATHS = "\"Landmark/Preview Content\"";
				DEVELOPMENT_TEAM = 44RM453DY6;
				ENABLE_PREVIEWS = YES;
				GENERATE_INFOPLIST_FILE = YES;
				INFOPLIST_KEY_UIApplicationSceneManifest_Generation = YES;
				INFOPLIST_KEY_UIApplicationSupportsIndirectInputEvents = YES;
				INFOPLIST_KEY_UILaunchScreen_Generation = YES;
				INFOPLIST_KEY_UISupportedInterfaceOrientations_iPad = "UIInterfaceOrientationPortrait UIInterfaceOrientationPortraitUpsideDown UIInterfaceOrientationLandscapeLeft UIInterfaceOrientationLandscapeRight";
				INFOPLIST_KEY_UISupportedInterfaceOrientations_iPhone = "UIInterfaceOrientationPortrait UIInterfaceOrientationLandscapeLeft UIInterfaceOrientationLandscapeRight";
				LD_RUNPATH_SEARCH_PATHS = (
					"$(inherited)",
					"@executable_path/Frameworks",
				);
				MARKETING_VERSION = 1.0;
				PRODUCT_BUNDLE_IDENTIFIER = ashika.Landmark;
				PRODUCT_NAME = "$(TARGET_NAME)";
				SWIFT_EMIT_LOC_STRINGS = YES;
				SWIFT_VERSION = 5.0;
				TARGETED_DEVICE_FAMILY = "1,2";
			};
			name = Debug;
		};
		609354DD2A7969620046F7B6 /* Release */ = {
			isa = XCBuildConfiguration;
			buildSettings = {
				ASSETCATALOG_COMPILER_APPICON_NAME = AppIcon;
				ASSETCATALOG_COMPILER_GLOBAL_ACCENT_COLOR_NAME = AccentColor;
				CODE_SIGN_STYLE = Automatic;
				CURRENT_PROJECT_VERSION = 1;
				DEVELOPMENT_ASSET_PATHS = "\"Landmark/Preview Content\"";
				DEVELOPMENT_TEAM = 44RM453DY6;
				ENABLE_PREVIEWS = YES;
				GENERATE_INFOPLIST_FILE = YES;
				INFOPLIST_KEY_UIApplicationSceneManifest_Generation = YES;
				INFOPLIST_KEY_UIApplicationSupportsIndirectInputEvents = YES;
				INFOPLIST_KEY_UILaunchScreen_Generation = YES;
				INFOPLIST_KEY_UISupportedInterfaceOrientations_iPad = "UIInterfaceOrientationPortrait UIInterfaceOrientationPortraitUpsideDown UIInterfaceOrientationLandscapeLeft UIInterfaceOrientationLandscapeRight";
				INFOPLIST_KEY_UISupportedInterfaceOrientations_iPhone = "UIInterfaceOrientationPortrait UIInterfaceOrientationLandscapeLeft UIInterfaceOrientationLandscapeRight";
				LD_RUNPATH_SEARCH_PATHS = (
					"$(inherited)",
					"@executable_path/Frameworks",
				);
				MARKETING_VERSION = 1.0;
				PRODUCT_BUNDLE_IDENTIFIER = ashika.Landmark;
				PRODUCT_NAME = "$(TARGET_NAME)";
				SWIFT_EMIT_LOC_STRINGS = YES;
				SWIFT_VERSION = 5.0;
				TARGETED_DEVICE_FAMILY = "1,2";
			};
			name = Release;
		};
/* End XCBuildConfiguration section */

/* Begin XCConfigurationList section */
		609354C82A7969620046F7B6 /* Build configuration list for PBXProject "Landmark" */ = {
			isa = XCConfigurationList;
			buildConfigurations = (
				609354D92A7969620046F7B6 /* Debug */,
				609354DA2A7969620046F7B6 /* Release */,
			);
			defaultConfigurationIsVisible = 0;
			defaultConfigurationName = Release;
		};
		609354DB2A7969620046F7B6 /* Build configuration list for PBXNativeTarget "Landmark" */ = {
			isa = XCConfigurationList;
			buildConfigurations = (
				609354DC2A7969620046F7B6 /* Debug */,
				609354DD2A7969620046F7B6 /* Release */,
			);
			defaultConfigurationIsVisible = 0;
			defaultConfigurationName = Release;
		};
/* End XCConfigurationList section */
	};
	rootObject = 609354C52A7969620046F7B6 /* Project object */;
}
